{
  "requires": true,
  "lockfileVersion": 1,
  "dependencies": {
    "specificity": {
      "version": "0.4.1",
      "resolved": "https://registry.npmjs.org/specificity/-/specificity-0.4.1.tgz",
      "integrity": "sha512-1klA3Gi5PD1Wv9Q0wUoOQN1IWAuPu0D1U03ThXTr0cJ20+/iq2tHSDnK7Kk/0LXJ1ztUB2/1Os0wKmfyNgUQfg=="
    }
  }
}
